// !$*UTF8*$!
{
	archiveVersion = 1;
	classes = {
	};
	objectVersion = 55;
	objects = {

/* Begin PBXBuildFile section */
		A818D0CE28192598009DB5DF /* test103App.swift in Sources */ = {isa = PBXBuildFile; fileRef = A818D0CD28192598009DB5DF /* test103App.swift */; };
		A818D0D028192598009DB5DF /* MainMapView.swift in Sources */ = {isa = PBXBuildFile; fileRef = A818D0CF28192598009DB5DF /* MainMapView.swift */; };
		A818D0D228192599009DB5DF /* Assets.xcassets in Resources */ = {isa = PBXBuildFile; fileRef = A818D0D128192599009DB5DF /* Assets.xcassets */; };
		A818D0D528192599009DB5DF /* Preview Assets.xcassets in Resources */ = {isa = PBXBuildFile; fileRef = A818D0D428192599009DB5DF /* Preview Assets.xcassets */; };
		A818D0DC28193214009DB5DF /* SettingView.swift in Sources */ = {isa = PBXBuildFile; fileRef = A818D0DB28193214009DB5DF /* SettingView.swift */; };
		A818D0DE28193233009DB5DF /* FoodListView.swift in Sources */ = {isa = PBXBuildFile; fileRef = A818D0DD28193233009DB5DF /* FoodListView.swift */; };
		A818D0E02819323F009DB5DF /* SpotListView.swift in Sources */ = {isa = PBXBuildFile; fileRef = A818D0DF2819323F009DB5DF /* SpotListView.swift */; };
		A818D0E2281937C7009DB5DF /* Model.swift in Sources */ = {isa = PBXBuildFile; fileRef = A818D0E1281937C7009DB5DF /* Model.swift */; };
		A829385C281A4BB3002F77A5 /* StartView.swift in Sources */ = {isa = PBXBuildFile; fileRef = A829385B281A4BB3002F77A5 /* StartView.swift */; };
		A8C763C228196DF30075705A /* MenuView.swift in Sources */ = {isa = PBXBuildFile; fileRef = A8C763C128196DF30075705A /* MenuView.swift */; };
		A8C763C428196F260075705A /* API.swift in Sources */ = {isa = PBXBuildFile; fileRef = A8C763C328196F260075705A /* API.swift */; };
		A8C763C6281975960075705A /* Menu.swift in Sources */ = {isa = PBXBuildFile; fileRef = A8C763C5281975960075705A /* Menu.swift */; };
/* End PBXBuildFile section */

/* Begin PBXFileReference section */
		A818D0CA28192598009DB5DF /* test103.app */ = {isa = PBXFileReference; explicitFileType = wrapper.application; includeInIndex = 0; path = test103.app; sourceTree = BUILT_PRODUCTS_DIR; };
		A818D0CD28192598009DB5DF /* test103App.swift */ = {isa = PBXFileReference; lastKnownFileType = sourcecode.swift; path = test103App.swift; sourceTree = "<group>"; };
		A818D0CF28192598009DB5DF /* MainMapView.swift */ = {isa = PBXFileReference; lastKnownFileType = sourcecode.swift; path = MainMapView.swift; sourceTree = "<group>"; };
		A818D0D128192599009DB5DF /* Assets.xcassets */ = {isa = PBXFileReference; lastKnownFileType = folder.assetcatalog; path = Assets.xcassets; sourceTree = "<group>"; };
		A818D0D428192599009DB5DF /* Preview Assets.xcassets */ = {isa = PBXFileReference; lastKnownFileType = folder.assetcatalog; path = "Preview Assets.xcassets"; sourceTree = "<group>"; };
		A818D0DB28193214009DB5DF /* SettingView.swift */ = {isa = PBXFileReference; lastKnownFileType = sourcecode.swift; path = SettingView.swift; sourceTree = "<group>"; };
		A818D0DD28193233009DB5DF /* FoodListView.swift */ = {isa = PBXFileReference; lastKnownFileType = sourcecode.swift; path = FoodListView.swift; sourceTree = "<group>"; };
		A818D0DF2819323F009DB5DF /* SpotListView.swift */ = {isa = PBXFileReference; lastKnownFileType = sourcecode.swift; path = SpotListView.swift; sourceTree = "<group>"; };
		A818D0E1281937C7009DB5DF /* Model.swift */ = {isa = PBXFileReference; lastKnownFileType = sourcecode.swift; path = Model.swift; sourceTree = "<group>"; };
		A829385B281A4BB3002F77A5 /* StartView.swift */ = {isa = PBXFileReference; lastKnownFileType = sourcecode.swift; path = StartView.swift; sourceTree = "<group>"; };
		A8C763C128196DF30075705A /* MenuView.swift */ = {isa = PBXFileReference; lastKnownFileType = sourcecode.swift; path = MenuView.swift; sourceTree = "<group>"; };
		A8C763C328196F260075705A /* API.swift */ = {isa = PBXFileReference; lastKnownFileType = sourcecode.swift; path = API.swift; sourceTree = "<group>"; };
		A8C763C5281975960075705A /* Menu.swift */ = {isa = PBXFileReference; lastKnownFileType = sourcecode.swift; path = Menu.swift; sourceTree = "<group>"; };
/* End PBXFileReference section */

/* Begin PBXFrameworksBuildPhase section */
		A818D0C728192598009DB5DF /* Frameworks */ = {
			isa = PBXFrameworksBuildPhase;
			buildActionMask = 2147483647;
			files = (
			);
			runOnlyForDeploymentPostprocessing = 0;
		};
/* End PBXFrameworksBuildPhase section */

/* Begin PBXGroup section */
		A818D0C128192598009DB5DF = {
			isa = PBXGroup;
			children = (
				A818D0CC28192598009DB5DF /* test103 */,
				A818D0CB28192598009DB5DF /* Products */,
			);
			sourceTree = "<group>";
		};
		A818D0CB28192598009DB5DF /* Products */ = {
			isa = PBXGroup;
			children = (
				A818D0CA28192598009DB5DF /* test103.app */,
			);
			name = Products;
			sourceTree = "<group>";
		};
		A818D0CC28192598009DB5DF /* test103 */ = {
			isa = PBXGroup;
			children = (
				A818D0CD28192598009DB5DF /* test103App.swift */,
				A829385B281A4BB3002F77A5 /* StartView.swift */,
				A818D0CF28192598009DB5DF /* MainMapView.swift */,
				A818D0DD28193233009DB5DF /* FoodListView.swift */,
				A818D0DF2819323F009DB5DF /* SpotListView.swift */,
				A818D0DB28193214009DB5DF /* SettingView.swift */,
				A8C763C128196DF30075705A /* MenuView.swift */,
				A8C763C328196F260075705A /* API.swift */,
				A818D0E1281937C7009DB5DF /* Model.swift */,
				A8C763C5281975960075705A /* Menu.swift */,
				A818D0D328192599009DB5DF /* Preview Content */,
				A818D0D128192599009DB5DF /* Assets.xcassets */,
			);
			path = test103;
			sourceTree = "<group>";
		};
		A818D0D328192599009DB5DF /* Preview Content */ = {
			isa = PBXGroup;
			children = (
				A818D0D428192599009DB5DF /* Preview Assets.xcassets */,
			);
			path = "Preview Content";
			sourceTree = "<group>";
		};
/* End PBXGroup section */

/* Begin PBXNativeTarget section */
		A818D0C928192598009DB5DF /* test103 */ = {
			isa = PBXNativeTarget;
			buildConfigurationList = A818D0D828192599009DB5DF /* Build configuration list for PBXNativeTarget "test103" */;
			buildPhases = (
				A818D0C628192598009DB5DF /* Sources */,
				A818D0C728192598009DB5DF /* Frameworks */,
				A818D0C828192598009DB5DF /* Resources */,
			);
			buildRules = (
			);
			dependencies = (
			);
			name = test103;
			productName = test103;
			productReference = A818D0CA28192598009DB5DF /* test103.app */;
			productType = "com.apple.product-type.application";
		};
/* End PBXNativeTarget section */

/* Begin PBXProject section */
		A818D0C228192598009DB5DF /* Project object */ = {
			isa = PBXProject;
			attributes = {
				BuildIndependentTargetsInParallel = 1;
				LastSwiftUpdateCheck = 1330;
				LastUpgradeCheck = 1330;
				TargetAttributes = {
					A818D0C928192598009DB5DF = {
						CreatedOnToolsVersion = 13.3.1;
					};
				};
			};
			buildConfigurationList = A818D0C528192598009DB5DF /* Build configuration list for PBXProject "test103" */;
			compatibilityVersion = "Xcode 13.0";
			developmentRegion = en;
			hasScannedForEncodings = 0;
			knownRegions = (
				en,
				Base,
			);
			mainGroup = A818D0C128192598009DB5DF;
			productRefGroup = A818D0CB28192598009DB5DF /* Products */;
			projectDirPath = "";
			projectRoot = "";
			targets = (
				A818D0C928192598009DB5DF /* test103 */,
			);
		};
/* End PBXProject section */

/* Begin PBXResourcesBuildPhase section */
		A818D0C828192598009DB5DF /* Resources */ = {
			isa = PBXResourcesBuildPhase;
			buildActionMask = 2147483647;
			files = (
				A818D0D528192599009DB5DF /* Preview Assets.xcassets in Resources */,
				A818D0D228192599009DB5DF /* Assets.xcassets in Resources */,
			);
			runOnlyForDeploymentPostprocessing = 0;
		};
/* End PBXResourcesBuildPhase section */

/* Begin PBXSourcesBuildPhase section */
		A818D0C628192598009DB5DF /* Sources */ = {
			isa = PBXSourcesBuildPhase;
			buildActionMask = 2147483647;
			files = (
				A818D0DC28193214009DB5DF /* SettingView.swift in Sources */,
				A829385C281A4BB3002F77A5 /* StartView.swift in Sources */,
				A818D0E02819323F009DB5DF /* SpotListView.swift in Sources */,
				A818D0D028192598009DB5DF /* MainMapView.swift in Sources */,
				A818D0E2281937C7009DB5DF /* Model.swift in Sources */,
				A818D0DE28193233009DB5DF /* FoodListView.swift in Sources */,
				A8C763C228196DF30075705A /* MenuView.swift in Sources */,
				A8C763C428196F260075705A /* API.swift in Sources */,
				A818D0CE28192598009DB5DF /* test103App.swift in Sources */,
				A8C763C6281975960075705A /* Menu.swift in Sources */,
			);
			runOnlyForDeploymentPostprocessing = 0;
		};
/* End PBXSourcesBuildPhase section */

/* Begin XCBuildConfiguration section */
		A818D0D628192599009DB5DF /* Debug */ = {
			isa = XCBuildConfiguration;
			buildSettings = {
				ALWAYS_SEARCH_USER_PATHS = NO;
				CLANG_ANALYZER_NONNULL = YES;
				CLANG_ANALYZER_NUMBER_OBJECT_CONVERSION = YES_AGGRESSIVE;
				CLANG_CXX_LANGUAGE_STANDARD = "gnu++17";
				CLANG_ENABLE_MODULES = YES;
				CLANG_ENABLE_OBJC_ARC = YES;
				CLANG_ENABLE_OBJC_WEAK = YES;
				CLANG_WARN_BLOCK_CAPTURE_AUTORELEASING = YES;
				CLANG_WARN_BOOL_CONVERSION = YES;
				CLANG_WARN_COMMA = YES;
				CLANG_WARN_CONSTANT_CONVERSION = YES;
				CLANG_WARN_DEPRECATED_OBJC_IMPLEMENTATIONS = YES;
				CLANG_WARN_DIRECT_OBJC_ISA_USAGE = YES_ERROR;
				CLANG_WARN_DOCUMENTATION_COMMENTS = YES;
				CLANG_WARN_EMPTY_BODY = YES;
				CLANG_WARN_ENUM_CONVERSION = YES;
				CLANG_WARN_INFINITE_RECURSION = YES;
				CLANG_WARN_INT_CONVERSION = YES;
				CLANG_WARN_NON_LITERAL_NULL_CONVERSION = YES;
				CLANG_WARN_OBJC_IMPLICIT_RETAIN_SELF = YES;
				CLANG_WARN_OBJC_LITERAL_CONVERSION = YES;
				CLANG_WARN_OBJC_ROOT_CLASS = YES_ERROR;
				CLANG_WARN_QUOTED_INCLUDE_IN_FRAMEWORK_HEADER = YES;
				CLANG_WARN_RANGE_LOOP_ANALYSIS = YES;
				CLANG_WARN_STRICT_PROTOTYPES = YES;
				CLANG_WARN_SUSPICIOUS_MOVE = YES;
				CLANG_WARN_UNGUARDED_AVAILABILITY = YES_AGGRESSIVE;
				CLANG_WARN_UNREACHABLE_CODE = YES;
				CLANG_WARN__DUPLICATE_METHOD_MATCH = YES;
				COPY_PHASE_STRIP = NO;
				DEBUG_INFORMATION_FORMAT = dwarf;
				ENABLE_STRICT_OBJC_MSGSEND = YES;
				ENABLE_TESTABILITY = YES;
				GCC_C_LANGUAGE_STANDARD = gnu11;
				GCC_DYNAMIC_NO_PIC = NO;
				GCC_NO_COMMON_BLOCKS = YES;
				GCC_OPTIMIZATION_LEVEL = 0;
				GCC_PREPROCESSOR_DEFINITIONS = (
					"DEBUG=1",
					"$(inherited)",
				);
				GCC_WARN_64_TO_32_BIT_CONVERSION = YES;
				GCC_WARN_ABOUT_RETURN_TYPE = YES_ERROR;
				GCC_WARN_UNDECLARED_SELECTOR = YES;
				GCC_WARN_UNINITIALIZED_AUTOS = YES_AGGRESSIVE;
				GCC_WARN_UNUSED_FUNCTION = YES;
				GCC_WARN_UNUSED_VARIABLE = YES;
				IPHONEOS_DEPLOYMENT_TARGET = 15.4;
				MTL_ENABLE_DEBUG_INFO = INCLUDE_SOURCE;
				MTL_FAST_MATH = YES;
				ONLY_ACTIVE_ARCH = YES;
				SDKROOT = iphoneos;
				SWIFT_ACTIVE_COMPILATION_CONDITIONS = DEBUG;
				SWIFT_OPTIMIZATION_LEVEL = "-Onone";
			};
			name = Debug;
		};
		A818D0D728192599009DB5DF /* Release */ = {
			isa = XCBuildConfiguration;
			buildSettings = {
				ALWAYS_SEARCH_USER_PATHS = NO;
				CLANG_ANALYZER_NONNULL = YES;
				CLANG_ANALYZER_NUMBER_OBJECT_CONVERSION = YES_AGGRESSIVE;
				CLANG_CXX_LANGUAGE_STANDARD = "gnu++17";
				CLANG_ENABLE_MODULES = YES;
				CLANG_ENABLE_OBJC_ARC = YES;
				CLANG_ENABLE_OBJC_WEAK = YES;
				CLANG_WARN_BLOCK_CAPTURE_AUTORELEASING = YES;
				CLANG_WARN_BOOL_CONVERSION = YES;
				CLANG_WARN_COMMA = YES;
				CLANG_WARN_CONSTANT_CONVERSION = YES;
				CLANG_WARN_DEPRECATED_OBJC_IMPLEMENTATIONS = YES;
				CLANG_WARN_DIRECT_OBJC_ISA_USAGE = YES_ERROR;
				CLANG_WARN_DOCUMENTATION_COMMENTS = YES;
				CLANG_WARN_EMPTY_BODY = YES;
				CLANG_WARN_ENUM_CONVERSION = YES;
				CLANG_WARN_INFINITE_RECURSION = YES;
				CLANG_WARN_INT_CONVERSION = YES;
				CLANG_WARN_NON_LITERAL_NULL_CONVERSION = YES;
				CLANG_WARN_OBJC_IMPLICIT_RETAIN_SELF = YES;
				CLANG_WARN_OBJC_LITERAL_CONVERSION = YES;
				CLANG_WARN_OBJC_ROOT_CLASS = YES_ERROR;
				CLANG_WARN_QUOTED_INCLUDE_IN_FRAMEWORK_HEADER = YES;
				CLANG_WARN_RANGE_LOOP_ANALYSIS = YES;
				CLANG_WARN_STRICT_PROTOTYPES = YES;
				CLANG_WARN_SUSPICIOUS_MOVE = YES;
				CLANG_WARN_UNGUARDED_AVAILABILITY = YES_AGGRESSIVE;
				CLANG_WARN_UNREACHABLE_CODE = YES;
				CLANG_WARN__DUPLICATE_METHOD_MATCH = YES;
				COPY_PHASE_STRIP = NO;
				DEBUG_INFORMATION_FORMAT = "dwarf-with-dsym";
				ENABLE_NS_ASSERTIONS = NO;
				ENABLE_STRICT_OBJC_MSGSEND = YES;
				GCC_C_LANGUAGE_STANDARD = gnu11;
				GCC_NO_COMMON_BLOCKS = YES;
				GCC_WARN_64_TO_32_BIT_CONVERSION = YES;
				GCC_WARN_ABOUT_RETURN_TYPE = YES_ERROR;
				GCC_WARN_UNDECLARED_SELECTOR = YES;
				GCC_WARN_UNINITIALIZED_AUTOS = YES_AGGRESSIVE;
				GCC_WARN_UNUSED_FUNCTION = YES;
				GCC_WARN_UNUSED_VARIABLE = YES;
				IPHONEOS_DEPLOYMENT_TARGET = 15.4;
				MTL_ENABLE_DEBUG_INFO = NO;
				MTL_FAST_MATH = YES;
				SDKROOT = iphoneos;
				SWIFT_COMPILATION_MODE = wholemodule;
				SWIFT_OPTIMIZATION_LEVEL = "-O";
				VALIDATE_PRODUCT = YES;
			};
			name = Release;
		};
		A818D0D928192599009DB5DF /* Debug */ = {
			isa = XCBuildConfiguration;
			buildSettings = {
				ASSETCATALOG_COMPILER_APPICON_NAME = AppIcon;
				ASSETCATALOG_COMPILER_GLOBAL_ACCENT_COLOR_NAME = AccentColor;
				CODE_SIGN_STYLE = Automatic;
				CURRENT_PROJECT_VERSION = 1;
				DEVELOPMENT_ASSET_PATHS = "\"test103/Preview Content\"";
				DEVELOPMENT_TEAM = 22A6RK2943;
				ENABLE_PREVIEWS = YES;
				GENERATE_INFOPLIST_FILE = YES;
				INFOPLIST_KEY_UIApplicationSceneManifest_Generation = YES;
				INFOPLIST_KEY_UIApplicationSupportsIndirectInputEvents = YES;
				INFOPLIST_KEY_UILaunchScreen_Generation = YES;
				INFOPLIST_KEY_UISupportedInterfaceOrientations_iPad = "UIInterfaceOrientationPortrait UIInterfaceOrientationPortraitUpsideDown UIInterfaceOrientationLandscapeLeft UIInterfaceOrientationLandscapeRight";
				INFOPLIST_KEY_UISupportedInterfaceOrientations_iPhone = "UIInterfaceOrientationPortrait UIInterfaceOrientationLandscapeLeft UIInterfaceOrientationLandscapeRight";
				LD_RUNPATH_SEARCH_PATHS = (
					"$(inherited)",
					"@executable_path/Frameworks",
				);
				MARKETING_VERSION = 1.0;
				PRODUCT_BUNDLE_IDENTIFIER = com.yeniful.test103.test103;
				PRODUCT_NAME = "$(TARGET_NAME)";
				SWIFT_EMIT_LOC_STRINGS = YES;
				SWIFT_VERSION = 5.0;
				TARGETED_DEVICE_FAMILY = "1,2";
			};
			name = Debug;
		};
		A818D0DA28192599009DB5DF /* Release */ = {
			isa = XCBuildConfiguration;
			buildSettings = {
				ASSETCATALOG_COMPILER_APPICON_NAME = AppIcon;
				ASSETCATALOG_COMPILER_GLOBAL_ACCENT_COLOR_NAME = AccentColor;
				CODE_SIGN_STYLE = Automatic;
				CURRENT_PROJECT_VERSION = 1;
				DEVELOPMENT_ASSET_PATHS = "\"test103/Preview Content\"";
				DEVELOPMENT_TEAM = 22A6RK2943;
				ENABLE_PREVIEWS = YES;
				GENERATE_INFOPLIST_FILE = YES;
				INFOPLIST_KEY_UIApplicationSceneManifest_Generation = YES;
				INFOPLIST_KEY_UIApplicationSupportsIndirectInputEvents = YES;
				INFOPLIST_KEY_UILaunchScreen_Generation = YES;
				INFOPLIST_KEY_UISupportedInterfaceOrientations_iPad = "UIInterfaceOrientationPortrait UIInterfaceOrientationPortraitUpsideDown UIInterfaceOrientationLandscapeLeft UIInterfaceOrientationLandscapeRight";
				INFOPLIST_KEY_UISupportedInterfaceOrientations_iPhone = "UIInterfaceOrientationPortrait UIInterfaceOrientationLandscapeLeft UIInterfaceOrientationLandscapeRight";
				LD_RUNPATH_SEARCH_PATHS = (
					"$(inherited)",
					"@executable_path/Frameworks",
				);
				MARKETING_VERSION = 1.0;
				PRODUCT_BUNDLE_IDENTIFIER = com.yeniful.test103.test103;
				PRODUCT_NAME = "$(TARGET_NAME)";
				SWIFT_EMIT_LOC_STRINGS = YES;
				SWIFT_VERSION = 5.0;
				TARGETED_DEVICE_FAMILY = "1,2";
			};
			name = Release;
		};
/* End XCBuildConfiguration section */

/* Begin XCConfigurationList section */
		A818D0C528192598009DB5DF /* Build configuration list for PBXProject "test103" */ = {
			isa = XCConfigurationList;
			buildConfigurations = (
				A818D0D628192599009DB5DF /* Debug */,
				A818D0D728192599009DB5DF /* Release */,
			);
			defaultConfigurationIsVisible = 0;
			defaultConfigurationName = Release;
		};
		A818D0D828192599009DB5DF /* Build configuration list for PBXNativeTarget "test103" */ = {
			isa = XCConfigurationList;
			buildConfigurations = (
				A818D0D928192599009DB5DF /* Debug */,
				A818D0DA28192599009DB5DF /* Release */,
			);
			defaultConfigurationIsVisible = 0;
			defaultConfigurationName = Release;
		};
/* End XCConfigurationList section */
	};
	rootObject = A818D0C228192598009DB5DF /* Project object */;
}
